
Microsoft Visual Studio Solution File, Format Version 12.00
# Visual Studio Version 17
VisualStudioVersion = 17.0.31903.59
MinimumVisualStudioVersion = 10.0.40219.1
Project("{FAE04EC0-301F-11D3-BF4B-00C04F79EFBC}") = "Produto.API", "Produto.API\Produto.API.csproj", "{D8105796-A00D-45B1-8E26-13736F7B50D0}"
EndProject
Project("{FAE04EC0-301F-11D3-BF4B-00C04F79EFBC}") = "Produto.Application", "Produto.Application\Produto.Application.csproj", "{861F8460-64E9-4AB1-A424-9848D526BF4A}"
EndProject
Project("{FAE04EC0-301F-11D3-BF4B-00C04F79EFBC}") = "Produto.Domain", "Produto.Domain\Produto.Domain.csproj", "{ED5A7B24-4B01-4BDC-83E9-D0CD05B8E714}"
EndProject
Project("{FAE04EC0-301F-11D3-BF4B-00C04F79EFBC}") = "Produto.Infrastructure", "Produto.Infrastructure\Produto.Infrastructure.csproj", "{60F79D6B-7EC8-4B0D-87CB-210238BDAF27}"
EndProject
Project("{FAE04EC0-301F-11D3-BF4B-00C04F79EFBC}") = "Produto.Tests", "Produto.Tests\Produto.Tests.csproj", "{C7F3B32D-4A86-4511-A3B8-291090A45CFC}"
EndProject
Global
	GlobalSection(SolutionConfigurationPlatforms) = preSolution
		Debug|Any CPU = Debug|Any CPU
		Debug|x64 = Debug|x64
		Debug|x86 = Debug|x86
		Release|Any CPU = Release|Any CPU
		Release|x64 = Release|x64
		Release|x86 = Release|x86
	EndGlobalSection
	GlobalSection(ProjectConfigurationPlatforms) = postSolution
		{D8105796-A00D-45B1-8E26-13736F7B50D0}.Debug|Any CPU.ActiveCfg = Debug|Any CPU
		{D8105796-A00D-45B1-8E26-13736F7B50D0}.Debug|Any CPU.Build.0 = Debug|Any CPU
		{D8105796-A00D-45B1-8E26-13736F7B50D0}.Debug|x64.ActiveCfg = Debug|Any CPU
		{D8105796-A00D-45B1-8E26-13736F7B50D0}.Debug|x64.Build.0 = Debug|Any CPU
		{D8105796-A00D-45B1-8E26-13736F7B50D0}.Debug|x86.ActiveCfg = Debug|Any CPU
		{D8105796-A00D-45B1-8E26-13736F7B50D0}.Debug|x86.Build.0 = Debug|Any CPU
		{D8105796-A00D-45B1-8E26-13736F7B50D0}.Release|Any CPU.ActiveCfg = Release|Any CPU
		{D8105796-A00D-45B1-8E26-13736F7B50D0}.Release|Any CPU.Build.0 = Release|Any CPU
		{D8105796-A00D-45B1-8E26-13736F7B50D0}.Release|x64.ActiveCfg = Release|Any CPU
		{D8105796-A00D-45B1-8E26-13736F7B50D0}.Release|x64.Build.0 = Release|Any CPU
		{D8105796-A00D-45B1-8E26-13736F7B50D0}.Release|x86.ActiveCfg = Release|Any CPU
		{D8105796-A00D-45B1-8E26-13736F7B50D0}.Release|x86.Build.0 = Release|Any CPU
		{861F8460-64E9-4AB1-A424-9848D526BF4A}.Debug|Any CPU.ActiveCfg = Debug|Any CPU
		{861F8460-64E9-4AB1-A424-9848D526BF4A}.Debug|Any CPU.Build.0 = Debug|Any CPU
		{861F8460-64E9-4AB1-A424-9848D526BF4A}.Debug|x64.ActiveCfg = Debug|Any CPU
		{861F8460-64E9-4AB1-A424-9848D526BF4A}.Debug|x64.Build.0 = Debug|Any CPU
		{861F8460-64E9-4AB1-A424-9848D526BF4A}.Debug|x86.ActiveCfg = Debug|Any CPU
		{861F8460-64E9-4AB1-A424-9848D526BF4A}.Debug|x86.Build.0 = Debug|Any CPU
		{861F8460-64E9-4AB1-A424-9848D526BF4A}.Release|Any CPU.ActiveCfg = Release|Any CPU
		{861F8460-64E9-4AB1-A424-9848D526BF4A}.Release|Any CPU.Build.0 = Release|Any CPU
		{861F8460-64E9-4AB1-A424-9848D526BF4A}.Release|x64.ActiveCfg = Release|Any CPU
		{861F8460-64E9-4AB1-A424-9848D526BF4A}.Release|x64.Build.0 = Release|Any CPU
		{861F8460-64E9-4AB1-A424-9848D526BF4A}.Release|x86.ActiveCfg = Release|Any CPU
		{861F8460-64E9-4AB1-A424-9848D526BF4A}.Release|x86.Build.0 = Release|Any CPU
		{ED5A7B24-4B01-4BDC-83E9-D0CD05B8E714}.Debug|Any CPU.ActiveCfg = Debug|Any CPU
		{ED5A7B24-4B01-4BDC-83E9-D0CD05B8E714}.Debug|Any CPU.Build.0 = Debug|Any CPU
		{ED5A7B24-4B01-4BDC-83E9-D0CD05B8E714}.Debug|x64.ActiveCfg = Debug|Any CPU
		{ED5A7B24-4B01-4BDC-83E9-D0CD05B8E714}.Debug|x64.Build.0 = Debug|Any CPU
		{ED5A7B24-4B01-4BDC-83E9-D0CD05B8E714}.Debug|x86.ActiveCfg = Debug|Any CPU
		{ED5A7B24-4B01-4BDC-83E9-D0CD05B8E714}.Debug|x86.Build.0 = Debug|Any CPU
		{ED5A7B24-4B01-4BDC-83E9-D0CD05B8E714}.Release|Any CPU.ActiveCfg = Release|Any CPU
		{ED5A7B24-4B01-4BDC-83E9-D0CD05B8E714}.Release|Any CPU.Build.0 = Release|Any CPU
		{ED5A7B24-4B01-4BDC-83E9-D0CD05B8E714}.Release|x64.ActiveCfg = Release|Any CPU
		{ED5A7B24-4B01-4BDC-83E9-D0CD05B8E714}.Release|x64.Build.0 = Release|Any CPU
		{ED5A7B24-4B01-4BDC-83E9-D0CD05B8E714}.Release|x86.ActiveCfg = Release|Any CPU
		{ED5A7B24-4B01-4BDC-83E9-D0CD05B8E714}.Release|x86.Build.0 = Release|Any CPU
		{60F79D6B-7EC8-4B0D-87CB-210238BDAF27}.Debug|Any CPU.ActiveCfg = Debug|Any CPU
		{60F79D6B-7EC8-4B0D-87CB-210238BDAF27}.Debug|Any CPU.Build.0 = Debug|Any CPU
		{60F79D6B-7EC8-4B0D-87CB-210238BDAF27}.Debug|x64.ActiveCfg = Debug|Any CPU
		{60F79D6B-7EC8-4B0D-87CB-210238BDAF27}.Debug|x64.Build.0 = Debug|Any CPU
		{60F79D6B-7EC8-4B0D-87CB-210238BDAF27}.Debug|x86.ActiveCfg = Debug|Any CPU
		{60F79D6B-7EC8-4B0D-87CB-210238BDAF27}.Debug|x86.Build.0 = Debug|Any CPU
		{60F79D6B-7EC8-4B0D-87CB-210238BDAF27}.Release|Any CPU.ActiveCfg = Release|Any CPU
		{60F79D6B-7EC8-4B0D-87CB-210238BDAF27}.Release|Any CPU.Build.0 = Release|Any CPU
		{60F79D6B-7EC8-4B0D-87CB-210238BDAF27}.Release|x64.ActiveCfg = Release|Any CPU
		{60F79D6B-7EC8-4B0D-87CB-210238BDAF27}.Release|x64.Build.0 = Release|Any CPU
		{60F79D6B-7EC8-4B0D-87CB-210238BDAF27}.Release|x86.ActiveCfg = Release|Any CPU
		{60F79D6B-7EC8-4B0D-87CB-210238BDAF27}.Release|x86.Build.0 = Release|Any CPU
		{C7F3B32D-4A86-4511-A3B8-291090A45CFC}.Debug|Any CPU.ActiveCfg = Debug|Any CPU
		{C7F3B32D-4A86-4511-A3B8-291090A45CFC}.Debug|Any CPU.Build.0 = Debug|Any CPU
		{C7F3B32D-4A86-4511-A3B8-291090A45CFC}.Debug|x64.ActiveCfg = Debug|Any CPU
		{C7F3B32D-4A86-4511-A3B8-291090A45CFC}.Debug|x64.Build.0 = Debug|Any CPU
		{C7F3B32D-4A86-4511-A3B8-291090A45CFC}.Debug|x86.ActiveCfg = Debug|Any CPU
		{C7F3B32D-4A86-4511-A3B8-291090A45CFC}.Debug|x86.Build.0 = Debug|Any CPU
		{C7F3B32D-4A86-4511-A3B8-291090A45CFC}.Release|Any CPU.ActiveCfg = Release|Any CPU
		{C7F3B32D-4A86-4511-A3B8-291090A45CFC}.Release|Any CPU.Build.0 = Release|Any CPU
		{C7F3B32D-4A86-4511-A3B8-291090A45CFC}.Release|x64.ActiveCfg = Release|Any CPU
		{C7F3B32D-4A86-4511-A3B8-291090A45CFC}.Release|x64.Build.0 = Release|Any CPU
		{C7F3B32D-4A86-4511-A3B8-291090A45CFC}.Release|x86.ActiveCfg = Release|Any CPU
		{C7F3B32D-4A86-4511-A3B8-291090A45CFC}.Release|x86.Build.0 = Release|Any CPU
	EndGlobalSection
	GlobalSection(SolutionProperties) = preSolution
		HideSolutionNode = FALSE
	EndGlobalSection
EndGlobal
